// !$*UTF8*$!
{
	archiveVersion = 1;
	classes = {
	};
	objectVersion = 46;
	objects = {

/* Begin PBXFileReference section */
		DD1EB455192CE7E0008479D5 /* mac_clock_gettime.cpp */ = {isa = PBXFileReference; fileEncoding = 4; lastKnownFileType = sourcecode.cpp.cpp; path = mac_clock_gettime.cpp; sourceTree = "<group>"; };
		DD1EB456192CE7E0008479D5 /* mac_clock_gettime.h */ = {isa = PBXFileReference; fileEncoding = 4; lastKnownFileType = sourcecode.c.h; path = mac_clock_gettime.h; sourceTree = "<group>"; };
		DD1EB457192CE7E0008479D5 /* README */ = {isa = PBXFileReference; fileEncoding = 4; lastKnownFileType = text; path = README; sourceTree = "<group>"; };
		DD1EB458192CE7E0008479D5 /* version.h */ = {isa = PBXFileReference; fileEncoding = 4; lastKnownFileType = sourcecode.c.h; path = version.h; sourceTree = "<group>"; };
		DD1EB459192CEBC4008479D5 /* main.cpp */ = {isa = PBXFileReference; fileEncoding = 4; lastKnownFileType = sourcecode.cpp.cpp; path = main.cpp; sourceTree = "<group>"; };
		DD1EB45A192CED98008479D5 /* Makefile */ = {isa = PBXFileReference; fileEncoding = 4; lastKnownFileType = sourcecode.make; path = Makefile; sourceTree = "<group>"; };
		DD1EB45E192CF81A008479D5 /* README */ = {isa = PBXFileReference; fileEncoding = 4; lastKnownFileType = text; path = README; sourceTree = "<group>"; };
		DD1EB468192DDA3B008479D5 /* packetlibop.cpp */ = {isa = PBXFileReference; fileEncoding = 4; lastKnownFileType = sourcecode.cpp.cpp; path = packetlibop.cpp; sourceTree = "<group>"; };
		DD1EB469192DDA3B008479D5 /* packetlibop.h */ = {isa = PBXFileReference; fileEncoding = 4; lastKnownFileType = sourcecode.c.h; path = packetlibop.h; sourceTree = "<group>"; };
		DD1EB46A192E9724008479D5 /* ctacamera_all.xml */ = {isa = PBXFileReference; fileEncoding = 4; lastKnownFileType = text.xml; path = ctacamera_all.xml; sourceTree = "<group>"; };
		DD5A99761979C76A00E82E87 /* exe1.cpp */ = {isa = PBXFileReference; fileEncoding = 4; lastKnownFileType = sourcecode.cpp.cpp; path = exe1.cpp; sourceTree = "<group>"; };
		DD5A99771979D0BA00E82E87 /* exe2.cpp */ = {isa = PBXFileReference; fileEncoding = 4; lastKnownFileType = sourcecode.cpp.cpp; path = exe2.cpp; sourceTree = "<group>"; };
		DD5A9978197DA33000E82E87 /* exe3.cpp */ = {isa = PBXFileReference; fileEncoding = 4; lastKnownFileType = sourcecode.cpp.cpp; path = exe3.cpp; sourceTree = "<group>"; };
/* End PBXFileReference section */

/* Begin PBXGroup section */
		DD1EB449192CE7B9008479D5 = {
			isa = PBXGroup;
			children = (
				DD1EB45B192CF81A008479D5 /* conf */,
				DD1EB45A192CED98008479D5 /* Makefile */,
				DD1EB454192CE7E0008479D5 /* code */,
			);
			sourceTree = "<group>";
		};
		DD1EB454192CE7E0008479D5 /* code */ = {
			isa = PBXGroup;
			children = (
				DD5A9978197DA33000E82E87 /* exe3.cpp */,
				DD5A99771979D0BA00E82E87 /* exe2.cpp */,
				DD5A99761979C76A00E82E87 /* exe1.cpp */,
				DD1EB468192DDA3B008479D5 /* packetlibop.cpp */,
				DD1EB469192DDA3B008479D5 /* packetlibop.h */,
				DD1EB459192CEBC4008479D5 /* main.cpp */,
				DD1EB455192CE7E0008479D5 /* mac_clock_gettime.cpp */,
				DD1EB456192CE7E0008479D5 /* mac_clock_gettime.h */,
				DD1EB457192CE7E0008479D5 /* README */,
				DD1EB458192CE7E0008479D5 /* version.h */,
			);
			path = code;
			sourceTree = "<group>";
		};
		DD1EB45B192CF81A008479D5 /* conf */ = {
			isa = PBXGroup;
			children = (
				DD1EB46A192E9724008479D5 /* ctacamera_all.xml */,
				DD1EB45E192CF81A008479D5 /* README */,
			);
			path = conf;
			sourceTree = "<group>";
		};
/* End PBXGroup section */

/* Begin PBXLegacyTarget section */
		DD1EB44E192CE7B9008479D5 /* PacketLibDemo */ = {
			isa = PBXLegacyTarget;
			buildArgumentsString = "$(ACTION)";
			buildConfigurationList = DD1EB451192CE7B9008479D5 /* Build configuration list for PBXLegacyTarget "PacketLibDemo" */;
			buildPhases = (
			);
			buildToolPath = /usr/bin/make;
			dependencies = (
			);
			name = PacketLibDemo;
			passBuildSettingsInEnvironment = 1;
			productName = PacketLibDemo;
		};
/* End PBXLegacyTarget section */

/* Begin PBXProject section */
		DD1EB44A192CE7B9008479D5 /* Project object */ = {
			isa = PBXProject;
			attributes = {
				LastUpgradeCheck = 0510;
				ORGANIZATIONNAME = "Andrea Bulgarelli";
			};
			buildConfigurationList = DD1EB44D192CE7B9008479D5 /* Build configuration list for PBXProject "PacketLibDemo" */;
			compatibilityVersion = "Xcode 3.2";
			developmentRegion = English;
			hasScannedForEncodings = 0;
			knownRegions = (
				en,
			);
			mainGroup = DD1EB449192CE7B9008479D5;
			projectDirPath = "";
			projectRoot = "";
			targets = (
				DD1EB44E192CE7B9008479D5 /* PacketLibDemo */,
			);
		};
/* End PBXProject section */

/* Begin XCBuildConfiguration section */
		DD1EB44F192CE7B9008479D5 /* Debug */ = {
			isa = XCBuildConfiguration;
			buildSettings = {
				ALWAYS_SEARCH_USER_PATHS = NO;
				CLANG_CXX_LANGUAGE_STANDARD = "gnu++0x";
				CLANG_CXX_LIBRARY = "libc++";
				CLANG_ENABLE_MODULES = YES;
				CLANG_ENABLE_OBJC_ARC = YES;
				CLANG_WARN_BOOL_CONVERSION = YES;
				CLANG_WARN_CONSTANT_CONVERSION = YES;
				CLANG_WARN_DIRECT_OBJC_ISA_USAGE = YES_ERROR;
				CLANG_WARN_EMPTY_BODY = YES;
				CLANG_WARN_ENUM_CONVERSION = YES;
				CLANG_WARN_INT_CONVERSION = YES;
				CLANG_WARN_OBJC_ROOT_CLASS = YES_ERROR;
				CLANG_WARN__DUPLICATE_METHOD_MATCH = YES;
				COPY_PHASE_STRIP = NO;
				GCC_C_LANGUAGE_STANDARD = gnu99;
				GCC_DYNAMIC_NO_PIC = NO;
				GCC_ENABLE_OBJC_EXCEPTIONS = YES;
				GCC_OPTIMIZATION_LEVEL = 0;
				GCC_PREPROCESSOR_DEFINITIONS = (
					"DEBUG=1",
					"$(inherited)",
				);
				GCC_SYMBOLS_PRIVATE_EXTERN = NO;
				GCC_WARN_64_TO_32_BIT_CONVERSION = YES;
				GCC_WARN_ABOUT_RETURN_TYPE = YES_ERROR;
				GCC_WARN_UNDECLARED_SELECTOR = YES;
				GCC_WARN_UNINITIALIZED_AUTOS = YES_AGGRESSIVE;
				GCC_WARN_UNUSED_FUNCTION = YES;
				GCC_WARN_UNUSED_VARIABLE = YES;
				MACOSX_DEPLOYMENT_TARGET = 10.9;
				ONLY_ACTIVE_ARCH = YES;
				SDKROOT = macosx;
			};
			name = Debug;
		};
		DD1EB450192CE7B9008479D5 /* Release */ = {
			isa = XCBuildConfiguration;
			buildSettings = {
				ALWAYS_SEARCH_USER_PATHS = NO;
				CLANG_CXX_LANGUAGE_STANDARD = "gnu++0x";
				CLANG_CXX_LIBRARY = "libc++";
				CLANG_ENABLE_MODULES = YES;
				CLANG_ENABLE_OBJC_ARC = YES;
				CLANG_WARN_BOOL_CONVERSION = YES;
				CLANG_WARN_CONSTANT_CONVERSION = YES;
				CLANG_WARN_DIRECT_OBJC_ISA_USAGE = YES_ERROR;
				CLANG_WARN_EMPTY_BODY = YES;
				CLANG_WARN_ENUM_CONVERSION = YES;
				CLANG_WARN_INT_CONVERSION = YES;
				CLANG_WARN_OBJC_ROOT_CLASS = YES_ERROR;
				CLANG_WARN__DUPLICATE_METHOD_MATCH = YES;
				COPY_PHASE_STRIP = YES;
				DEBUG_INFORMATION_FORMAT = "dwarf-with-dsym";
				ENABLE_NS_ASSERTIONS = NO;
				GCC_C_LANGUAGE_STANDARD = gnu99;
				GCC_ENABLE_OBJC_EXCEPTIONS = YES;
				GCC_WARN_64_TO_32_BIT_CONVERSION = YES;
				GCC_WARN_ABOUT_RETURN_TYPE = YES_ERROR;
				GCC_WARN_UNDECLARED_SELECTOR = YES;
				GCC_WARN_UNINITIALIZED_AUTOS = YES_AGGRESSIVE;
				GCC_WARN_UNUSED_FUNCTION = YES;
				GCC_WARN_UNUSED_VARIABLE = YES;
				MACOSX_DEPLOYMENT_TARGET = 10.9;
				SDKROOT = macosx;
			};
			name = Release;
		};
		DD1EB452192CE7B9008479D5 /* Debug */ = {
			isa = XCBuildConfiguration;
			buildSettings = {
				CPLUS_INCLUDE_PATH = $CTARTA/include;
				CTARTA = /Users/bulgarelli/local.cta/;
				DEBUGGING_SYMBOLS = YES;
				GCC_GENERATE_DEBUGGING_SYMBOLS = YES;
				GCC_OPTIMIZATION_LEVEL = 0;
				LIBRARY_PATH = $CTARTA/lib;
				OTHER_CFLAGS = "";
				OTHER_LDFLAGS = "";
				PRODUCT_NAME = "$(TARGET_NAME)";
			};
			name = Debug;
		};
		DD1EB453192CE7B9008479D5 /* Release */ = {
			isa = XCBuildConfiguration;
			buildSettings = {
				CPLUS_INCLUDE_PATH = $CTARTA/include;
				CTARTA = /Users/bulgarelli/local.cta/;
				LIBRARY_PATH = $CTARTA/lib;
				OTHER_CFLAGS = "";
				OTHER_LDFLAGS = "";
				PRODUCT_NAME = "$(TARGET_NAME)";
			};
			name = Release;
		};
/* End XCBuildConfiguration section */

/* Begin XCConfigurationList section */
		DD1EB44D192CE7B9008479D5 /* Build configuration list for PBXProject "PacketLibDemo" */ = {
			isa = XCConfigurationList;
			buildConfigurations = (
				DD1EB44F192CE7B9008479D5 /* Debug */,
				DD1EB450192CE7B9008479D5 /* Release */,
			);
			defaultConfigurationIsVisible = 0;
			defaultConfigurationName = Release;
		};
		DD1EB451192CE7B9008479D5 /* Build configuration list for PBXLegacyTarget "PacketLibDemo" */ = {
			isa = XCConfigurationList;
			buildConfigurations = (
				DD1EB452192CE7B9008479D5 /* Debug */,
				DD1EB453192CE7B9008479D5 /* Release */,
			);
			defaultConfigurationIsVisible = 0;
			defaultConfigurationName = Release;
		};
/* End XCConfigurationList section */
	};
	rootObject = DD1EB44A192CE7B9008479D5 /* Project object */;
}
